
Microsoft Visual Studio Solution File, Format Version 12.00
# Visual Studio 15
VisualStudioVersion = 15.0.27703.2042
MinimumVisualStudioVersion = 10.0.40219.1
Project("{888888A0-9F3D-457C-B088-3A5042F75D52}") = "askRedditReposter", "askRedditReposter\askRedditReposter.pyproj", "{8CD6E224-A758-4496-9ECA-83C41D8FC579}"
EndProject
Global
	GlobalSection(SolutionConfigurationPlatforms) = preSolution
		Debug|Any CPU = Debug|Any CPU
		Release|Any CPU = Release|Any CPU
	EndGlobalSection
	GlobalSection(ProjectConfigurationPlatforms) = postSolution
		{8CD6E224-A758-4496-9ECA-83C41D8FC579}.Debug|Any CPU.ActiveCfg = Debug|Any CPU
		{8CD6E224-A758-4496-9ECA-83C41D8FC579}.Release|Any CPU.ActiveCfg = Release|Any CPU
	EndGlobalSection
	GlobalSection(SolutionProperties) = preSolution
		HideSolutionNode = FALSE
	EndGlobalSection
	GlobalSection(ExtensibilityGlobals) = postSolution
		SolutionGuid = {5AAF72B4-E510-4F79-A7D1-8A7DC5D395E6}
	EndGlobalSection
EndGlobal
